<?xml version="1.0" encoding="utf-8"?>
<Project ToolsVersion="4.0" xmlns="http://schemas.microsoft.com/developer/msbuild/2003">
  <ItemGroup>
    <Filter Include="Header Files">
      <UniqueIdentifier>{93995380-89BD-4b04-88EB-625FBE52EBFB}</UniqueIdentifier>
      <Extensions>h;hh;hpp;hxx;h++;hm;inl;inc;ipp;xsd</Extensions>
    </Filter>
    <Filter Include="Source Files">
      <UniqueIdentifier>{4FC737F1-C7A5-4376-A066-2A32D752A2FF}</UniqueIdentifier>
      <Extensions>cpp;c;cc;cxx;c++;cppm;ixx;def;odl;idl;hpj;bat;asm;asmx</Extensions>
    </Filter>
    <Filter Include="OpenCL Kernels">
      <UniqueIdentifier>{8B3C5D7E-9F1A-4E6C-8D2B-3A5C7E9F1B4D}</UniqueIdentifier>
      <Extensions>cl</Extensions>
    </Filter>
  </ItemGroup>
  <ItemGroup>
    <ClInclude Include="OpenCL_AES_SHA256_Demo.h">
      <Filter>Header Files</Filter>
    </ClInclude>
    <ClInclude Include="OpenCLManager.h">
      <Filter>Header Files</Filter>
    </ClInclude>
    <ClInclude Include="AES256.h">
      <Filter>Header Files</Filter>
    </ClInclude>
    <ClInclude Include="SHA256.h">
      <Filter>Header Files</Filter>
    </ClInclude>
  </ItemGroup>
  <ItemGroup>
    <ClCompile Include="OpenCL_AES_SHA256_Demo.cpp">
      <Filter>Source Files</Filter>
    </ClCompile>
    <ClCompile Include="OpenCLManager.cpp">
      <Filter>Source Files</Filter>
    </ClCompile>
    <ClCompile Include="AES256.cpp">
      <Filter>Source Files</Filter>
    </ClCompile>
    <ClCompile Include="SHA256.cpp">
      <Filter>Source Files</Filter>
    </ClCompile>
  </ItemGroup>
  <ItemGroup>
    <None Include="AES256Kernel.cl">
      <Filter>OpenCL Kernels</Filter>
    </None>
    <None Include="SHA256Kernel.cl">
      <Filter>OpenCL Kernels</Filter>
    </None>
  </ItemGroup>
</Project>
